---
lockfileVersion: '9.0'

importers:

  .:
    configDependencies: {}
    packageManagerDependencies:
      pnpm:
        specifier: ^12.0.0-rc.3
        version: 12.0.0-rc.11

packages:

  '@pnpm/exe.darwin-arm64@12.0.0-rc.11':
    resolution: {integrity: sha512-Qng8aqCy9L5BrsMUhjDOtOuOs6do5f/MYIYG+lqKLm+tpv8a3pw4I4SLEgpexcnoZ96P7shTNR+XS27HX07j4g==}
    cpu: [arm64]
    os: [darwin]

  '@pnpm/exe.darwin-x64@12.0.0-rc.11':
    resolution: {integrity: sha512-b3QzJ8otzYkogbpYnj7ShwTB7YR+dXKpDMUxuOqoyGSn4OzJvSBVATlUOrC3rhJB15rpiJMYeAiPyQvuDlkbRQ==}
    cpu: [x64]
    os: [darwin]

  '@pnpm/exe.linux-arm64-musl@12.0.0-rc.11':
    resolution: {integrity: sha512-P5/bZRa3wcKaMSghTycYrGxUtjxQ4JWE83ax+v9yd//88dtbmTad/gWSaCWGnVA2hkkLOYiyOzbTFlMCAhsKMg==}
    cpu: [arm64]
    os: [linux]
    libc: [musl]

  '@pnpm/exe.linux-arm64@12.0.0-rc.11':
    resolution: {integrity: sha512-U0eKrzOYo9kl0aEaNcrXHgXE9zThG70Ng+EWjtZz4vEUMZgG3QfsIB+9Fodg5K/4pDUwV+LREeyRHqy0U4ayDQ==}
    cpu: [arm64]
    os: [linux]
    libc: [glibc]

  '@pnpm/exe.linux-x64-musl@12.0.0-rc.11':
    resolution: {integrity: sha512-6ZiEsUhNViwb0PuZkwuMEjn1ZpJWHADJYq8X6CsFhxQxh2QNvsBWyeT3CwBkH0GIhJO2v7y3lHdtXcwXHQt3Jg==}
    cpu: [x64]
    os: [linux]
    libc: [musl]

  '@pnpm/exe.linux-x64@12.0.0-rc.11':
    resolution: {integrity: sha512-EdqHbW/22HYbFlsqmSXO1U3s2MiZfGZUhti83RMFjrwRdoidirfwGiX/Ma8gpCpmD3IFBPgqIhsKdFadmFWFMg==}
    cpu: [x64]
    os: [linux]
    libc: [glibc]

  '@pnpm/exe.win32-arm64@12.0.0-rc.11':
    resolution: {integrity: sha512-4UY5+xYa7uoLBoWE9Kr2EGSn6zAUyIAmB7BZcsmT/+GOOonfNDxzVhriULnQbx8oNDXhMr8iFpMWJ9FYq9hVnQ==}
    cpu: [arm64]
    os: [win32]

  '@pnpm/exe.win32-x64@12.0.0-rc.11':
    resolution: {integrity: sha512-QJZRxs1lQQgK5Ap/LbBYivAxLHO+0zuYyJbz5eOTNQY2sSIw9yEpMB29oKE9REf49u1k06m0ac3atx/376uBtg==}
    cpu: [x64]
    os: [win32]

  pnpm@12.0.0-rc.11:
    resolution: {integrity: sha512-bvsp9IFNxLmnHWBzjpjPuWNPYuepSrKyMUcYDRuA+1+u1gBKQHvzymWkuBAbn/lmIHj6OnD0vbBc/15D1npf5g==}
    engines: {node: '>=18.*'}
    hasBin: true

snapshots:

  '@pnpm/exe.darwin-arm64@12.0.0-rc.11':
    optional: true

  '@pnpm/exe.darwin-x64@12.0.0-rc.11':
    optional: true

  '@pnpm/exe.linux-arm64-musl@12.0.0-rc.11':
    optional: true

  '@pnpm/exe.linux-arm64@12.0.0-rc.11':
    optional: true

  '@pnpm/exe.linux-x64-musl@12.0.0-rc.11':
    optional: true

  '@pnpm/exe.linux-x64@12.0.0-rc.11':
    optional: true

  '@pnpm/exe.win32-arm64@12.0.0-rc.11':
    optional: true

  '@pnpm/exe.win32-x64@12.0.0-rc.11':
    optional: true

  pnpm@12.0.0-rc.11:
    optionalDependencies:
      '@pnpm/exe.darwin-arm64': 12.0.0-rc.11
      '@pnpm/exe.darwin-x64': 12.0.0-rc.11
      '@pnpm/exe.linux-arm64': 12.0.0-rc.11
      '@pnpm/exe.linux-arm64-musl': 12.0.0-rc.11
      '@pnpm/exe.linux-x64': 12.0.0-rc.11
      '@pnpm/exe.linux-x64-musl': 12.0.0-rc.11
      '@pnpm/exe.win32-arm64': 12.0.0-rc.11
      '@pnpm/exe.win32-x64': 12.0.0-rc.11

---
lockfileVersion: '9.0'

settings:
  autoInstallPeers: true
  excludeLinksFromLockfile: false

importers:

  .:
    devDependencies:
      '@types/node':
        specifier: ^22.0.0
        version: 22.19.17
      typescript:
        specifier: ^5.6.0
        version: 5.9.3

packages:

  '@types/node@22.19.17':
    resolution: {integrity: sha512-wGdMcf+vPYM6jikpS/qhg6WiqSV/OhG+jeeHT/KlVqxYfD40iYJf9/AE1uQxVWFvU7MipKRkRv8NSHiCGgPr8Q==}

  typescript@5.9.3:
    resolution: {integrity: sha512-jl1vZzPDinLr9eUt3J/t7V6FgNEw9QjvBPdysz9KfQDD41fQrC2Y4vKQdiaUpFT4bXlb1RHhLpp8wtm6M5TgSw==}
    engines: {node: '>=14.17'}
    hasBin: true

  undici-types@6.21.0:
    resolution: {integrity: sha512-iwDZqg0QAGrg9Rav5H4n0M64c3mkR59cJ6wQp+7C4nI0gsmExaedaYLNO44eT4AtBBwjbTiGPMlt2Md0T9H9JQ==}

snapshots:

  '@types/node@22.19.17':
    dependencies:
      undici-types: 6.21.0

  typescript@5.9.3: {}

  undici-types@6.21.0: {}
