---
lockfileVersion: '9.0'

importers:

  .:
    configDependencies: {}
    packageManagerDependencies:
      pnpm:
        specifier: ^12.0.0-rc.3
        version: 12.0.0-rc.3

packages:

  '@pnpm/exe.darwin-arm64@12.0.0-rc.3':
    resolution: {integrity: sha512-rdd88cFxNUjCjFsmC4igN2h7lD3Ckuj/dTiWkiTKvrLs/c4KcqwZbxLvbLrlrmCG9mW2QnWsZK2F/ocBpX50OQ==}
    cpu: [arm64]
    os: [darwin]

  '@pnpm/exe.darwin-x64@12.0.0-rc.3':
    resolution: {integrity: sha512-GDvz0/OPu2jHWJK84iQTL74XiUtKxPLv8ToysFuoeBgRItAmBmvefs/cbDiON7xg/uR9wGbhcocFgNCrFqWAHg==}
    cpu: [x64]
    os: [darwin]

  '@pnpm/exe.linux-arm64-musl@12.0.0-rc.3':
    resolution: {integrity: sha512-TMwcp2Y5nNuBX9wQ1Uaqfo3bQM0ET74ALYtzrv/eNG6RgqCqy/FetPtXus+2t0MYGFxQQiv1gu9I0smBOVdnnA==}
    cpu: [arm64]
    os: [linux]
    libc: [musl]

  '@pnpm/exe.linux-arm64@12.0.0-rc.3':
    resolution: {integrity: sha512-JjNUHU21RFyyUZQZdF9M1JZoJA+XGWB6uSXN/klR05lSZp5in9dDWbHRZha+NF5eaD4F+lKwW+IUtjHvpFJdXQ==}
    cpu: [arm64]
    os: [linux]
    libc: [glibc]

  '@pnpm/exe.linux-x64-musl@12.0.0-rc.3':
    resolution: {integrity: sha512-NrTvfdpYveMFEx+vEqvdwaqXuvSSRJFFCUeiVYCVzYkilG6LQYcxud/foCTwxKf1N9SUa6PGKDPKJdgnxmip0Q==}
    cpu: [x64]
    os: [linux]
    libc: [musl]

  '@pnpm/exe.linux-x64@12.0.0-rc.3':
    resolution: {integrity: sha512-/6xWaYfp6MEaJF+7AZIfCMp/fZX2jZlTLh2KVBEH0QOWk1ktaBlKNIJEgT4m6mieOLhNYMzCfLJImMbJDK1IwA==}
    cpu: [x64]
    os: [linux]
    libc: [glibc]

  '@pnpm/exe.win32-arm64@12.0.0-rc.3':
    resolution: {integrity: sha512-Jlu1pgzsldaaXYa81ADg58mH8M+dqDpnhxbDty3THBHbNCAuC4P24zYhiL9mj5cMwNEBuQ91yOUhGpJVb9IcZQ==}
    cpu: [arm64]
    os: [win32]

  '@pnpm/exe.win32-x64@12.0.0-rc.3':
    resolution: {integrity: sha512-2v/F/myThIDVd1fQl2cDt0bfu5LBlwlvqtWIOAbhQKSN5EZ+W82sfq3wXRYQepRSKpn+dlGL4DoiaKcb/T7nAQ==}
    cpu: [x64]
    os: [win32]

  pnpm@12.0.0-rc.3:
    resolution: {integrity: sha512-JZ9fDGH+WLdRdTEikN3UxeZe6bpDY7dYwV0RX0+OrJ927vc72XbId4IJXeT++ebNFA9cF3IQ1swiXHEd/Maq0Q==}
    engines: {node: '>=18.*'}
    hasBin: true

snapshots:

  '@pnpm/exe.darwin-arm64@12.0.0-rc.3':
    optional: true

  '@pnpm/exe.darwin-x64@12.0.0-rc.3':
    optional: true

  '@pnpm/exe.linux-arm64-musl@12.0.0-rc.3':
    optional: true

  '@pnpm/exe.linux-arm64@12.0.0-rc.3':
    optional: true

  '@pnpm/exe.linux-x64-musl@12.0.0-rc.3':
    optional: true

  '@pnpm/exe.linux-x64@12.0.0-rc.3':
    optional: true

  '@pnpm/exe.win32-arm64@12.0.0-rc.3':
    optional: true

  '@pnpm/exe.win32-x64@12.0.0-rc.3':
    optional: true

  pnpm@12.0.0-rc.3:
    optionalDependencies:
      '@pnpm/exe.darwin-arm64': 12.0.0-rc.3
      '@pnpm/exe.darwin-x64': 12.0.0-rc.3
      '@pnpm/exe.linux-arm64': 12.0.0-rc.3
      '@pnpm/exe.linux-arm64-musl': 12.0.0-rc.3
      '@pnpm/exe.linux-x64': 12.0.0-rc.3
      '@pnpm/exe.linux-x64-musl': 12.0.0-rc.3
      '@pnpm/exe.win32-arm64': 12.0.0-rc.3
      '@pnpm/exe.win32-x64': 12.0.0-rc.3

---
lockfileVersion: '9.0'

settings:
  autoInstallPeers: true
  excludeLinksFromLockfile: false

importers:

  .:
    devDependencies:
      '@types/node':
        specifier: ^22.0.0
        version: 22.19.17
      typescript:
        specifier: ^5.6.0
        version: 5.9.3

packages:

  '@types/node@22.19.17':
    resolution: {integrity: sha512-wGdMcf+vPYM6jikpS/qhg6WiqSV/OhG+jeeHT/KlVqxYfD40iYJf9/AE1uQxVWFvU7MipKRkRv8NSHiCGgPr8Q==}

  typescript@5.9.3:
    resolution: {integrity: sha512-jl1vZzPDinLr9eUt3J/t7V6FgNEw9QjvBPdysz9KfQDD41fQrC2Y4vKQdiaUpFT4bXlb1RHhLpp8wtm6M5TgSw==}
    engines: {node: '>=14.17'}
    hasBin: true

  undici-types@6.21.0:
    resolution: {integrity: sha512-iwDZqg0QAGrg9Rav5H4n0M64c3mkR59cJ6wQp+7C4nI0gsmExaedaYLNO44eT4AtBBwjbTiGPMlt2Md0T9H9JQ==}

snapshots:

  '@types/node@22.19.17':
    dependencies:
      undici-types: 6.21.0

  typescript@5.9.3: {}

  undici-types@6.21.0: {}
